
Microsoft Visual Studio Solution File, Format Version 12.00
# Visual Studio Version 16
VisualStudioVersion = 16.0.31025.194
MinimumVisualStudioVersion = 10.0.40219.1
Project("{FAE04EC0-301F-11D3-BF4B-00C04F79EFBC}") = "Convertion", "Convertion\Convertion.csproj", "{C081ED89-356D-4FB8-B83D-208C6350278B}"
EndProject
Project("{FAE04EC0-301F-11D3-BF4B-00C04F79EFBC}") = "Constants_and_Litrals", "Constants_and_Litrals\Constants_and_Litrals.csproj", "{D26E6B10-B995-4E2B-82D3-4399B2ECA922}"
EndProject
Project("{FAE04EC0-301F-11D3-BF4B-00C04F79EFBC}") = "Cricle", "Cricle\Cricle.csproj", "{1E9CC635-52AD-4E07-91FB-1933D05498F7}"
EndProject
Project("{FAE04EC0-301F-11D3-BF4B-00C04F79EFBC}") = "Operator", "Operator\Operator.csproj", "{40757E62-4A96-4C77-91A4-0F6ADFE4D233}"
EndProject
Project("{FAE04EC0-301F-11D3-BF4B-00C04F79EFBC}") = "NameSpace1", "NameSpace\NameSpace1.csproj", "{122C5173-19C7-48BE-BBAC-04A0EF15E839}"
EndProject
Project("{FAE04EC0-301F-11D3-BF4B-00C04F79EFBC}") = "LogicOperator", "LogicOperator\LogicOperator.csproj", "{F0E0E3E7-E9FC-4681-B5A2-C901E6F97A76}"
EndProject
Project("{FAE04EC0-301F-11D3-BF4B-00C04F79EFBC}") = "HomeWork1", "HomeWork1\HomeWork1.csproj", "{571DC7A1-6ECE-4940-B510-5A50EAB7C15C}"
EndProject
Global
	GlobalSection(SolutionConfigurationPlatforms) = preSolution
		Debug|Any CPU = Debug|Any CPU
		Release|Any CPU = Release|Any CPU
	EndGlobalSection
	GlobalSection(ProjectConfigurationPlatforms) = postSolution
		{C081ED89-356D-4FB8-B83D-208C6350278B}.Debug|Any CPU.ActiveCfg = Debug|Any CPU
		{C081ED89-356D-4FB8-B83D-208C6350278B}.Debug|Any CPU.Build.0 = Debug|Any CPU
		{C081ED89-356D-4FB8-B83D-208C6350278B}.Release|Any CPU.ActiveCfg = Release|Any CPU
		{C081ED89-356D-4FB8-B83D-208C6350278B}.Release|Any CPU.Build.0 = Release|Any CPU
		{D26E6B10-B995-4E2B-82D3-4399B2ECA922}.Debug|Any CPU.ActiveCfg = Debug|Any CPU
		{D26E6B10-B995-4E2B-82D3-4399B2ECA922}.Debug|Any CPU.Build.0 = Debug|Any CPU
		{D26E6B10-B995-4E2B-82D3-4399B2ECA922}.Release|Any CPU.ActiveCfg = Release|Any CPU
		{D26E6B10-B995-4E2B-82D3-4399B2ECA922}.Release|Any CPU.Build.0 = Release|Any CPU
		{1E9CC635-52AD-4E07-91FB-1933D05498F7}.Debug|Any CPU.ActiveCfg = Debug|Any CPU
		{1E9CC635-52AD-4E07-91FB-1933D05498F7}.Debug|Any CPU.Build.0 = Debug|Any CPU
		{1E9CC635-52AD-4E07-91FB-1933D05498F7}.Release|Any CPU.ActiveCfg = Release|Any CPU
		{1E9CC635-52AD-4E07-91FB-1933D05498F7}.Release|Any CPU.Build.0 = Release|Any CPU
		{40757E62-4A96-4C77-91A4-0F6ADFE4D233}.Debug|Any CPU.ActiveCfg = Debug|Any CPU
		{40757E62-4A96-4C77-91A4-0F6ADFE4D233}.Debug|Any CPU.Build.0 = Debug|Any CPU
		{40757E62-4A96-4C77-91A4-0F6ADFE4D233}.Release|Any CPU.ActiveCfg = Release|Any CPU
		{40757E62-4A96-4C77-91A4-0F6ADFE4D233}.Release|Any CPU.Build.0 = Release|Any CPU
		{122C5173-19C7-48BE-BBAC-04A0EF15E839}.Debug|Any CPU.ActiveCfg = Debug|Any CPU
		{122C5173-19C7-48BE-BBAC-04A0EF15E839}.Debug|Any CPU.Build.0 = Debug|Any CPU
		{122C5173-19C7-48BE-BBAC-04A0EF15E839}.Release|Any CPU.ActiveCfg = Release|Any CPU
		{122C5173-19C7-48BE-BBAC-04A0EF15E839}.Release|Any CPU.Build.0 = Release|Any CPU
		{F0E0E3E7-E9FC-4681-B5A2-C901E6F97A76}.Debug|Any CPU.ActiveCfg = Debug|Any CPU
		{F0E0E3E7-E9FC-4681-B5A2-C901E6F97A76}.Debug|Any CPU.Build.0 = Debug|Any CPU
		{F0E0E3E7-E9FC-4681-B5A2-C901E6F97A76}.Release|Any CPU.ActiveCfg = Release|Any CPU
		{F0E0E3E7-E9FC-4681-B5A2-C901E6F97A76}.Release|Any CPU.Build.0 = Release|Any CPU
		{571DC7A1-6ECE-4940-B510-5A50EAB7C15C}.Debug|Any CPU.ActiveCfg = Debug|Any CPU
		{571DC7A1-6ECE-4940-B510-5A50EAB7C15C}.Debug|Any CPU.Build.0 = Debug|Any CPU
		{571DC7A1-6ECE-4940-B510-5A50EAB7C15C}.Release|Any CPU.ActiveCfg = Release|Any CPU
		{571DC7A1-6ECE-4940-B510-5A50EAB7C15C}.Release|Any CPU.Build.0 = Release|Any CPU
	EndGlobalSection
	GlobalSection(SolutionProperties) = preSolution
		HideSolutionNode = FALSE
	EndGlobalSection
	GlobalSection(ExtensibilityGlobals) = postSolution
		SolutionGuid = {EE9F44AB-75F7-4328-94E7-CE8300E04707}
	EndGlobalSection
EndGlobal
